
Microsoft Visual Studio Solution File, Format Version 12.00
# Visual Studio Version 16
VisualStudioVersion = 16.0.810.25
MinimumVisualStudioVersion = 10.0.40219.1
Project("{FAE04EC0-301F-11D3-BF4B-00C04F79EFBC}") = "HashTables", "HashTables\HashTables.csproj", "{7EA25A8B-92CD-41CA-A20F-6E5D881ED59D}"
EndProject
Global
	GlobalSection(SolutionConfigurationPlatforms) = preSolution
		Debug|anycpu = Debug|anycpu
		Release|anycpu = Release|anycpu
	EndGlobalSection
	GlobalSection(ProjectConfigurationPlatforms) = postSolution
		{7EA25A8B-92CD-41CA-A20F-6E5D881ED59D}.Debug|anycpu.ActiveCfg = Debug|anycpu
		{7EA25A8B-92CD-41CA-A20F-6E5D881ED59D}.Debug|anycpu.Build.0 = Debug|anycpu
		{7EA25A8B-92CD-41CA-A20F-6E5D881ED59D}.Release|anycpu.ActiveCfg = Release|anycpu
		{7EA25A8B-92CD-41CA-A20F-6E5D881ED59D}.Release|anycpu.Build.0 = Release|anycpu
	EndGlobalSection
	GlobalSection(SolutionProperties) = preSolution
		HideSolutionNode = FALSE
	EndGlobalSection
	GlobalSection(ExtensibilityGlobals) = postSolution
		SolutionGuid = {607AEF0B-FFCD-45E3-94B4-3C61DBFD9358}
	EndGlobalSection
EndGlobal
