
Microsoft Visual Studio Solution File, Format Version 12.00
# Visual Studio Version 16
VisualStudioVersion = 16.0.810.25
MinimumVisualStudioVersion = 10.0.40219.1
Project("{FAE04EC0-301F-11D3-BF4B-00C04F79EFBC}") = "DatatypesAndVariables", "DatatypesAndVariables\DatatypesAndVariables.csproj", "{6C6D216F-FA3A-4EE3-8593-3870E41F62D0}"
EndProject
Global
	GlobalSection(SolutionConfigurationPlatforms) = preSolution
		Debug|anycpu = Debug|anycpu
		Release|anycpu = Release|anycpu
	EndGlobalSection
	GlobalSection(ProjectConfigurationPlatforms) = postSolution
		{6C6D216F-FA3A-4EE3-8593-3870E41F62D0}.Debug|anycpu.ActiveCfg = Debug|anycpu
		{6C6D216F-FA3A-4EE3-8593-3870E41F62D0}.Debug|anycpu.Build.0 = Debug|anycpu
		{6C6D216F-FA3A-4EE3-8593-3870E41F62D0}.Release|anycpu.ActiveCfg = Release|anycpu
		{6C6D216F-FA3A-4EE3-8593-3870E41F62D0}.Release|anycpu.Build.0 = Release|anycpu
	EndGlobalSection
	GlobalSection(SolutionProperties) = preSolution
		HideSolutionNode = FALSE
	EndGlobalSection
	GlobalSection(ExtensibilityGlobals) = postSolution
		SolutionGuid = {56EEC4CA-06EE-4C3A-9E7E-F48C1ACA84E4}
	EndGlobalSection
EndGlobal
