
Microsoft Visual Studio Solution File, Format Version 12.00
# Visual Studio Version 16
VisualStudioVersion = 16.0.810.25
MinimumVisualStudioVersion = 10.0.40219.1
Project("{FAE04EC0-301F-11D3-BF4B-00C04F79EFBC}") = "Arrays", "Arrays\Arrays.csproj", "{25BCEA65-4AAB-43BB-B67E-3801FCA89F04}"
EndProject
Global
	GlobalSection(SolutionConfigurationPlatforms) = preSolution
		Debug|anycpu = Debug|anycpu
		Release|anycpu = Release|anycpu
	EndGlobalSection
	GlobalSection(ProjectConfigurationPlatforms) = postSolution
		{25BCEA65-4AAB-43BB-B67E-3801FCA89F04}.Debug|anycpu.ActiveCfg = Debug|anycpu
		{25BCEA65-4AAB-43BB-B67E-3801FCA89F04}.Debug|anycpu.Build.0 = Debug|anycpu
		{25BCEA65-4AAB-43BB-B67E-3801FCA89F04}.Release|anycpu.ActiveCfg = Release|anycpu
		{25BCEA65-4AAB-43BB-B67E-3801FCA89F04}.Release|anycpu.Build.0 = Release|anycpu
	EndGlobalSection
	GlobalSection(SolutionProperties) = preSolution
		HideSolutionNode = FALSE
	EndGlobalSection
	GlobalSection(ExtensibilityGlobals) = postSolution
		SolutionGuid = {9B616608-8B36-4032-A39C-9E999F01E9A9}
	EndGlobalSection
EndGlobal
