
Microsoft Visual Studio Solution File, Format Version 12.00
# Visual Studio Version 16
VisualStudioVersion = 16.0.810.25
MinimumVisualStudioVersion = 10.0.40219.1
Project("{FAE04EC0-301F-11D3-BF4B-00C04F79EFBC}") = "Enums", "Enums\Enums.csproj", "{EDCB4F87-C02D-49E6-9AC6-8C8B8D1B9568}"
EndProject
Global
	GlobalSection(SolutionConfigurationPlatforms) = preSolution
		Debug|anycpu = Debug|anycpu
		Release|anycpu = Release|anycpu
	EndGlobalSection
	GlobalSection(ProjectConfigurationPlatforms) = postSolution
		{EDCB4F87-C02D-49E6-9AC6-8C8B8D1B9568}.Debug|anycpu.ActiveCfg = Debug|anycpu
		{EDCB4F87-C02D-49E6-9AC6-8C8B8D1B9568}.Debug|anycpu.Build.0 = Debug|anycpu
		{EDCB4F87-C02D-49E6-9AC6-8C8B8D1B9568}.Release|anycpu.ActiveCfg = Release|anycpu
		{EDCB4F87-C02D-49E6-9AC6-8C8B8D1B9568}.Release|anycpu.Build.0 = Release|anycpu
	EndGlobalSection
	GlobalSection(SolutionProperties) = preSolution
		HideSolutionNode = FALSE
	EndGlobalSection
	GlobalSection(ExtensibilityGlobals) = postSolution
		SolutionGuid = {C3982788-986A-4489-971B-72A55B3716C3}
	EndGlobalSection
EndGlobal
