
Microsoft Visual Studio Solution File, Format Version 12.00
# Visual Studio Version 16
VisualStudioVersion = 16.0.810.25
MinimumVisualStudioVersion = 10.0.40219.1
Project("{FAE04EC0-301F-11D3-BF4B-00C04F79EFBC}") = "JaggedArray", "JaggedArray\JaggedArray.csproj", "{59B082DE-9398-4291-A8D1-E8F51A6C5C19}"
EndProject
Global
	GlobalSection(SolutionConfigurationPlatforms) = preSolution
		Debug|anycpu = Debug|anycpu
		Release|anycpu = Release|anycpu
	EndGlobalSection
	GlobalSection(ProjectConfigurationPlatforms) = postSolution
		{59B082DE-9398-4291-A8D1-E8F51A6C5C19}.Debug|anycpu.ActiveCfg = Debug|anycpu
		{59B082DE-9398-4291-A8D1-E8F51A6C5C19}.Debug|anycpu.Build.0 = Debug|anycpu
		{59B082DE-9398-4291-A8D1-E8F51A6C5C19}.Release|anycpu.ActiveCfg = Release|anycpu
		{59B082DE-9398-4291-A8D1-E8F51A6C5C19}.Release|anycpu.Build.0 = Release|anycpu
	EndGlobalSection
	GlobalSection(SolutionProperties) = preSolution
		HideSolutionNode = FALSE
	EndGlobalSection
	GlobalSection(ExtensibilityGlobals) = postSolution
		SolutionGuid = {F1DFC8CD-AF12-4484-A40C-1151715ACBB2}
	EndGlobalSection
EndGlobal
