
Microsoft Visual Studio Solution File, Format Version 12.00
# Visual Studio Version 16
VisualStudioVersion = 16.0.810.25
MinimumVisualStudioVersion = 10.0.40219.1
Project("{FAE04EC0-301F-11D3-BF4B-00C04F79EFBC}") = "Decisions", "Decisions\Decisions.csproj", "{959BA0EC-211D-43DF-9B44-72E70DFBD3F7}"
EndProject
Global
	GlobalSection(SolutionConfigurationPlatforms) = preSolution
		Debug|anycpu = Debug|anycpu
		Release|anycpu = Release|anycpu
	EndGlobalSection
	GlobalSection(ProjectConfigurationPlatforms) = postSolution
		{959BA0EC-211D-43DF-9B44-72E70DFBD3F7}.Debug|anycpu.ActiveCfg = Debug|anycpu
		{959BA0EC-211D-43DF-9B44-72E70DFBD3F7}.Debug|anycpu.Build.0 = Debug|anycpu
		{959BA0EC-211D-43DF-9B44-72E70DFBD3F7}.Release|anycpu.ActiveCfg = Release|anycpu
		{959BA0EC-211D-43DF-9B44-72E70DFBD3F7}.Release|anycpu.Build.0 = Release|anycpu
	EndGlobalSection
	GlobalSection(SolutionProperties) = preSolution
		HideSolutionNode = FALSE
	EndGlobalSection
	GlobalSection(ExtensibilityGlobals) = postSolution
		SolutionGuid = {17B26913-4863-4201-9878-80F53F53AFC9}
	EndGlobalSection
EndGlobal
