
Microsoft Visual Studio Solution File, Format Version 12.00
# Visual Studio Version 16
VisualStudioVersion = 16.0.810.25
MinimumVisualStudioVersion = 10.0.40219.1
Project("{FAE04EC0-301F-11D3-BF4B-00C04F79EFBC}") = "BreakContinue", "BreakContinue\BreakContinue.csproj", "{569A688D-5708-4BC7-ACBB-351E9B29BFE8}"
EndProject
Global
	GlobalSection(SolutionConfigurationPlatforms) = preSolution
		Debug|anycpu = Debug|anycpu
		Release|anycpu = Release|anycpu
	EndGlobalSection
	GlobalSection(ProjectConfigurationPlatforms) = postSolution
		{569A688D-5708-4BC7-ACBB-351E9B29BFE8}.Debug|anycpu.ActiveCfg = Debug|anycpu
		{569A688D-5708-4BC7-ACBB-351E9B29BFE8}.Debug|anycpu.Build.0 = Debug|anycpu
		{569A688D-5708-4BC7-ACBB-351E9B29BFE8}.Release|anycpu.ActiveCfg = Release|anycpu
		{569A688D-5708-4BC7-ACBB-351E9B29BFE8}.Release|anycpu.Build.0 = Release|anycpu
	EndGlobalSection
	GlobalSection(SolutionProperties) = preSolution
		HideSolutionNode = FALSE
	EndGlobalSection
	GlobalSection(ExtensibilityGlobals) = postSolution
		SolutionGuid = {D4B181E4-3A59-4A2F-9D7F-61868823C65E}
	EndGlobalSection
EndGlobal
