
Microsoft Visual Studio Solution File, Format Version 12.00
# Visual Studio Version 16
VisualStudioVersion = 16.0.810.25
MinimumVisualStudioVersion = 10.0.40219.1
Project("{FAE04EC0-301F-11D3-BF4B-00C04F79EFBC}") = "ArrayListExample", "ArrayListExample\ArrayListExample.csproj", "{53AE33E8-CDDF-4D80-B560-537EC839B3F2}"
EndProject
Global
	GlobalSection(SolutionConfigurationPlatforms) = preSolution
		Debug|anycpu = Debug|anycpu
		Release|anycpu = Release|anycpu
	EndGlobalSection
	GlobalSection(ProjectConfigurationPlatforms) = postSolution
		{53AE33E8-CDDF-4D80-B560-537EC839B3F2}.Debug|anycpu.ActiveCfg = Debug|anycpu
		{53AE33E8-CDDF-4D80-B560-537EC839B3F2}.Debug|anycpu.Build.0 = Debug|anycpu
		{53AE33E8-CDDF-4D80-B560-537EC839B3F2}.Release|anycpu.ActiveCfg = Release|anycpu
		{53AE33E8-CDDF-4D80-B560-537EC839B3F2}.Release|anycpu.Build.0 = Release|anycpu
	EndGlobalSection
	GlobalSection(SolutionProperties) = preSolution
		HideSolutionNode = FALSE
	EndGlobalSection
	GlobalSection(ExtensibilityGlobals) = postSolution
		SolutionGuid = {9FEEC3C1-9B3A-44D3-B0E4-CB35F1B7B939}
	EndGlobalSection
EndGlobal
