
Microsoft Visual Studio Solution File, Format Version 12.00
# Visual Studio Version 16
VisualStudioVersion = 16.0.810.25
MinimumVisualStudioVersion = 10.0.40219.1
Project("{FAE04EC0-301F-11D3-BF4B-00C04F79EFBC}") = "EnhancedIfStatement", "EnhancedIfStatement\EnhancedIfStatement.csproj", "{F514184C-18F6-44D0-8DCB-C5C69CABF249}"
EndProject
Global
	GlobalSection(SolutionConfigurationPlatforms) = preSolution
		Debug|anycpu = Debug|anycpu
		Release|anycpu = Release|anycpu
	EndGlobalSection
	GlobalSection(ProjectConfigurationPlatforms) = postSolution
		{F514184C-18F6-44D0-8DCB-C5C69CABF249}.Debug|anycpu.ActiveCfg = Debug|anycpu
		{F514184C-18F6-44D0-8DCB-C5C69CABF249}.Debug|anycpu.Build.0 = Debug|anycpu
		{F514184C-18F6-44D0-8DCB-C5C69CABF249}.Release|anycpu.ActiveCfg = Release|anycpu
		{F514184C-18F6-44D0-8DCB-C5C69CABF249}.Release|anycpu.Build.0 = Release|anycpu
	EndGlobalSection
	GlobalSection(SolutionProperties) = preSolution
		HideSolutionNode = FALSE
	EndGlobalSection
	GlobalSection(ExtensibilityGlobals) = postSolution
		SolutionGuid = {2ED6C378-6DBF-4AB1-B13C-4AB1D7233D25}
	EndGlobalSection
EndGlobal
