
Microsoft Visual Studio Solution File, Format Version 12.00
# Visual Studio Version 16
VisualStudioVersion = 16.0.810.25
MinimumVisualStudioVersion = 10.0.40219.1
Project("{FAE04EC0-301F-11D3-BF4B-00C04F79EFBC}") = "ForLoop", "ForLoop\ForLoop.csproj", "{8B56BCB2-18F9-4099-A193-75AAFB4A5097}"
EndProject
Global
	GlobalSection(SolutionConfigurationPlatforms) = preSolution
		Debug|anycpu = Debug|anycpu
		Release|anycpu = Release|anycpu
	EndGlobalSection
	GlobalSection(ProjectConfigurationPlatforms) = postSolution
		{8B56BCB2-18F9-4099-A193-75AAFB4A5097}.Debug|anycpu.ActiveCfg = Debug|anycpu
		{8B56BCB2-18F9-4099-A193-75AAFB4A5097}.Debug|anycpu.Build.0 = Debug|anycpu
		{8B56BCB2-18F9-4099-A193-75AAFB4A5097}.Release|anycpu.ActiveCfg = Release|anycpu
		{8B56BCB2-18F9-4099-A193-75AAFB4A5097}.Release|anycpu.Build.0 = Release|anycpu
	EndGlobalSection
	GlobalSection(SolutionProperties) = preSolution
		HideSolutionNode = FALSE
	EndGlobalSection
	GlobalSection(ExtensibilityGlobals) = postSolution
		SolutionGuid = {88C641E1-BC75-4FEF-AAA2-9232BCCDA4DA}
	EndGlobalSection
EndGlobal
