
Microsoft Visual Studio Solution File, Format Version 12.00
# Visual Studio Version 16
VisualStudioVersion = 16.0.810.25
MinimumVisualStudioVersion = 10.0.40219.1
Project("{FAE04EC0-301F-11D3-BF4B-00C04F79EFBC}") = "ArrayList", "ArrayList\ArrayList.csproj", "{83E4BEF6-3D17-436B-B014-FA76DA8D4DA1}"
EndProject
Global
	GlobalSection(SolutionConfigurationPlatforms) = preSolution
		Debug|anycpu = Debug|anycpu
		Release|anycpu = Release|anycpu
	EndGlobalSection
	GlobalSection(ProjectConfigurationPlatforms) = postSolution
		{83E4BEF6-3D17-436B-B014-FA76DA8D4DA1}.Debug|anycpu.ActiveCfg = Debug|anycpu
		{83E4BEF6-3D17-436B-B014-FA76DA8D4DA1}.Debug|anycpu.Build.0 = Debug|anycpu
		{83E4BEF6-3D17-436B-B014-FA76DA8D4DA1}.Release|anycpu.ActiveCfg = Release|anycpu
		{83E4BEF6-3D17-436B-B014-FA76DA8D4DA1}.Release|anycpu.Build.0 = Release|anycpu
	EndGlobalSection
	GlobalSection(SolutionProperties) = preSolution
		HideSolutionNode = FALSE
	EndGlobalSection
	GlobalSection(ExtensibilityGlobals) = postSolution
		SolutionGuid = {81DBA26D-D87A-4647-B5B0-38C2CF6A6A6B}
	EndGlobalSection
EndGlobal
