
Microsoft Visual Studio Solution File, Format Version 12.00
# Visual Studio Version 16
VisualStudioVersion = 16.0.810.25
MinimumVisualStudioVersion = 10.0.40219.1
Project("{FAE04EC0-301F-11D3-BF4B-00C04F79EFBC}") = "UserInput", "UserInput\UserInput.csproj", "{2DFC485D-E579-4BC8-854A-EDCC23B27ED4}"
EndProject
Global
	GlobalSection(SolutionConfigurationPlatforms) = preSolution
		Debug|anycpu = Debug|anycpu
		Release|anycpu = Release|anycpu
	EndGlobalSection
	GlobalSection(ProjectConfigurationPlatforms) = postSolution
		{2DFC485D-E579-4BC8-854A-EDCC23B27ED4}.Debug|anycpu.ActiveCfg = Debug|anycpu
		{2DFC485D-E579-4BC8-854A-EDCC23B27ED4}.Debug|anycpu.Build.0 = Debug|anycpu
		{2DFC485D-E579-4BC8-854A-EDCC23B27ED4}.Release|anycpu.ActiveCfg = Release|anycpu
		{2DFC485D-E579-4BC8-854A-EDCC23B27ED4}.Release|anycpu.Build.0 = Release|anycpu
	EndGlobalSection
	GlobalSection(SolutionProperties) = preSolution
		HideSolutionNode = FALSE
	EndGlobalSection
	GlobalSection(ExtensibilityGlobals) = postSolution
		SolutionGuid = {EC227DE9-AD62-4281-A6CA-593B1A0EDCB0}
	EndGlobalSection
EndGlobal
