
Microsoft Visual Studio Solution File, Format Version 12.00
# Visual Studio Version 16
VisualStudioVersion = 16.0.810.25
MinimumVisualStudioVersion = 10.0.40219.1
Project("{FAE04EC0-301F-11D3-BF4B-00C04F79EFBC}") = "NestedIfStatements", "NestedIfStatements\NestedIfStatements.csproj", "{F0C74BB8-4808-4501-94B7-3CC372B3A913}"
EndProject
Global
	GlobalSection(SolutionConfigurationPlatforms) = preSolution
		Debug|anycpu = Debug|anycpu
		Release|anycpu = Release|anycpu
	EndGlobalSection
	GlobalSection(ProjectConfigurationPlatforms) = postSolution
		{F0C74BB8-4808-4501-94B7-3CC372B3A913}.Debug|anycpu.ActiveCfg = Debug|anycpu
		{F0C74BB8-4808-4501-94B7-3CC372B3A913}.Debug|anycpu.Build.0 = Debug|anycpu
		{F0C74BB8-4808-4501-94B7-3CC372B3A913}.Release|anycpu.ActiveCfg = Release|anycpu
		{F0C74BB8-4808-4501-94B7-3CC372B3A913}.Release|anycpu.Build.0 = Release|anycpu
	EndGlobalSection
	GlobalSection(SolutionProperties) = preSolution
		HideSolutionNode = FALSE
	EndGlobalSection
	GlobalSection(ExtensibilityGlobals) = postSolution
		SolutionGuid = {3B587E2D-97E3-474E-8DC7-9CAA2AFF9692}
	EndGlobalSection
EndGlobal
