
Microsoft Visual Studio Solution File, Format Version 12.00
# Visual Studio Version 16
VisualStudioVersion = 16.0.810.25
MinimumVisualStudioVersion = 10.0.40219.1
Project("{FAE04EC0-301F-11D3-BF4B-00C04F79EFBC}") = "NestedLoopAnd2DArrays", "NestedLoopAnd2DArrays\NestedLoopAnd2DArrays.csproj", "{24993F66-9680-4731-A5D9-FE39B9005AD9}"
EndProject
Global
	GlobalSection(SolutionConfigurationPlatforms) = preSolution
		Debug|anycpu = Debug|anycpu
		Release|anycpu = Release|anycpu
	EndGlobalSection
	GlobalSection(ProjectConfigurationPlatforms) = postSolution
		{24993F66-9680-4731-A5D9-FE39B9005AD9}.Debug|anycpu.ActiveCfg = Debug|anycpu
		{24993F66-9680-4731-A5D9-FE39B9005AD9}.Debug|anycpu.Build.0 = Debug|anycpu
		{24993F66-9680-4731-A5D9-FE39B9005AD9}.Release|anycpu.ActiveCfg = Release|anycpu
		{24993F66-9680-4731-A5D9-FE39B9005AD9}.Release|anycpu.Build.0 = Release|anycpu
	EndGlobalSection
	GlobalSection(SolutionProperties) = preSolution
		HideSolutionNode = FALSE
	EndGlobalSection
	GlobalSection(ExtensibilityGlobals) = postSolution
		SolutionGuid = {6FC56F51-386B-46A3-9051-BDE104DA048E}
	EndGlobalSection
EndGlobal
