
Microsoft Visual Studio Solution File, Format Version 12.00
# Visual Studio Version 16
VisualStudioVersion = 16.0.810.25
MinimumVisualStudioVersion = 10.0.40219.1
Project("{FAE04EC0-301F-11D3-BF4B-00C04F79EFBC}") = "RandomExample", "RandomExample\RandomExample.csproj", "{A190B710-8BB4-4F9F-9971-1A5B411BE865}"
EndProject
Global
	GlobalSection(SolutionConfigurationPlatforms) = preSolution
		Debug|anycpu = Debug|anycpu
		Release|anycpu = Release|anycpu
	EndGlobalSection
	GlobalSection(ProjectConfigurationPlatforms) = postSolution
		{A190B710-8BB4-4F9F-9971-1A5B411BE865}.Debug|anycpu.ActiveCfg = Debug|anycpu
		{A190B710-8BB4-4F9F-9971-1A5B411BE865}.Debug|anycpu.Build.0 = Debug|anycpu
		{A190B710-8BB4-4F9F-9971-1A5B411BE865}.Release|anycpu.ActiveCfg = Release|anycpu
		{A190B710-8BB4-4F9F-9971-1A5B411BE865}.Release|anycpu.Build.0 = Release|anycpu
	EndGlobalSection
	GlobalSection(SolutionProperties) = preSolution
		HideSolutionNode = FALSE
	EndGlobalSection
	GlobalSection(ExtensibilityGlobals) = postSolution
		SolutionGuid = {6518CDA8-87D7-4BDE-BBFF-512D1EF88D62}
	EndGlobalSection
EndGlobal
